
Microsoft Visual Studio Solution File, Format Version 9.00
# Visual C# Express 2005
Project("{FAE04EC0-301F-11D3-BF4B-00C04F79EFBC}") = "OpenDesktop", "OpenDesktop\OpenDesktop.csproj", "{C9701934-2BA6-4BFD-9665-B5640B00387A}"
EndProject
Project("{FAE04EC0-301F-11D3-BF4B-00C04F79EFBC}") = "ODIPlugin", "ODIPlugin\ODIPlugin.csproj", "{99E38044-8BFC-4805-94F9-84C275E3120D}"
EndProject
Project("{FAE04EC0-301F-11D3-BF4B-00C04F79EFBC}") = "YammyPlugin", "YammyPlugin\YammyPlugin.csproj", "{4962C2AD-3120-4189-9667-53E364E3ECFC}"
EndProject
Global
	GlobalSection(SolutionConfigurationPlatforms) = preSolution
		Debug|Any CPU = Debug|Any CPU
		Release|Any CPU = Release|Any CPU
	EndGlobalSection
	GlobalSection(ProjectConfigurationPlatforms) = postSolution
		{C9701934-2BA6-4BFD-9665-B5640B00387A}.Debug|Any CPU.ActiveCfg = Debug|Any CPU
		{C9701934-2BA6-4BFD-9665-B5640B00387A}.Debug|Any CPU.Build.0 = Debug|Any CPU
		{C9701934-2BA6-4BFD-9665-B5640B00387A}.Release|Any CPU.ActiveCfg = Release|Any CPU
		{C9701934-2BA6-4BFD-9665-B5640B00387A}.Release|Any CPU.Build.0 = Release|Any CPU
		{99E38044-8BFC-4805-94F9-84C275E3120D}.Debug|Any CPU.ActiveCfg = Debug|Any CPU
		{99E38044-8BFC-4805-94F9-84C275E3120D}.Debug|Any CPU.Build.0 = Debug|Any CPU
		{99E38044-8BFC-4805-94F9-84C275E3120D}.Release|Any CPU.ActiveCfg = Release|Any CPU
		{99E38044-8BFC-4805-94F9-84C275E3120D}.Release|Any CPU.Build.0 = Release|Any CPU
		{4962C2AD-3120-4189-9667-53E364E3ECFC}.Debug|Any CPU.ActiveCfg = Debug|Any CPU
		{4962C2AD-3120-4189-9667-53E364E3ECFC}.Debug|Any CPU.Build.0 = Debug|Any CPU
		{4962C2AD-3120-4189-9667-53E364E3ECFC}.Release|Any CPU.ActiveCfg = Release|Any CPU
		{4962C2AD-3120-4189-9667-53E364E3ECFC}.Release|Any CPU.Build.0 = Release|Any CPU
	EndGlobalSection
	GlobalSection(SolutionProperties) = preSolution
		HideSolutionNode = FALSE
	EndGlobalSection
EndGlobal
